
Microsoft Visual Studio Solution File, Format Version 12.00
# Visual Studio Version 16
VisualStudioVersion = 16.0.31025.194
MinimumVisualStudioVersion = 10.0.40219.1
Project("{FAE04EC0-301F-11D3-BF4B-00C04F79EFBC}") = "ToDoApi", "ToDoApi\ToDoApi.csproj", "{5105D816-5DD5-4217-A91C-0D364CF535DE}"
EndProject
Global
	GlobalSection(SolutionConfigurationPlatforms) = preSolution
		Debug|Any CPU = Debug|Any CPU
		Release|Any CPU = Release|Any CPU
	EndGlobalSection
	GlobalSection(ProjectConfigurationPlatforms) = postSolution
		{5105D816-5DD5-4217-A91C-0D364CF535DE}.Debug|Any CPU.ActiveCfg = Debug|Any CPU
		{5105D816-5DD5-4217-A91C-0D364CF535DE}.Debug|Any CPU.Build.0 = Debug|Any CPU
		{5105D816-5DD5-4217-A91C-0D364CF535DE}.Release|Any CPU.ActiveCfg = Release|Any CPU
		{5105D816-5DD5-4217-A91C-0D364CF535DE}.Release|Any CPU.Build.0 = Release|Any CPU
	EndGlobalSection
	GlobalSection(SolutionProperties) = preSolution
		HideSolutionNode = FALSE
	EndGlobalSection
	GlobalSection(ExtensibilityGlobals) = postSolution
		SolutionGuid = {B00210E3-D193-4114-B645-21412C7B99E0}
	EndGlobalSection
EndGlobal
